
Microsoft Visual Studio Solution File, Format Version 12.00
# Visual Studio 15
VisualStudioVersion = 15.0.27130.2036
MinimumVisualStudioVersion = 10.0.40219.1
Project("{FAE04EC0-301F-11D3-BF4B-00C04F79EFBC}") = "PorousMicrostructureGenerator", "image-processing\PorousMicrostructureGenerator.csproj", "{FEC9E829-DE91-4E1A-805D-46A9C45F6305}"
EndProject
Project("{FAE04EC0-301F-11D3-BF4B-00C04F79EFBC}") = "ImageProcessingTests", "ImageProcessingTests\ImageProcessingTests.csproj", "{7950FC1C-37C1-462A-BDA3-FC26139E16F9}"
EndProject
Global
	GlobalSection(SolutionConfigurationPlatforms) = preSolution
		Debug|Any CPU = Debug|Any CPU
		Release|Any CPU = Release|Any CPU
	EndGlobalSection
	GlobalSection(ProjectConfigurationPlatforms) = postSolution
		{FEC9E829-DE91-4E1A-805D-46A9C45F6305}.Debug|Any CPU.ActiveCfg = Debug|Any CPU
		{FEC9E829-DE91-4E1A-805D-46A9C45F6305}.Debug|Any CPU.Build.0 = Debug|Any CPU
		{FEC9E829-DE91-4E1A-805D-46A9C45F6305}.Release|Any CPU.ActiveCfg = Release|Any CPU
		{FEC9E829-DE91-4E1A-805D-46A9C45F6305}.Release|Any CPU.Build.0 = Release|Any CPU
		{7950FC1C-37C1-462A-BDA3-FC26139E16F9}.Debug|Any CPU.ActiveCfg = Debug|Any CPU
		{7950FC1C-37C1-462A-BDA3-FC26139E16F9}.Debug|Any CPU.Build.0 = Debug|Any CPU
		{7950FC1C-37C1-462A-BDA3-FC26139E16F9}.Release|Any CPU.ActiveCfg = Release|Any CPU
		{7950FC1C-37C1-462A-BDA3-FC26139E16F9}.Release|Any CPU.Build.0 = Release|Any CPU
	EndGlobalSection
	GlobalSection(SolutionProperties) = preSolution
		HideSolutionNode = FALSE
	EndGlobalSection
	GlobalSection(ExtensibilityGlobals) = postSolution
		SolutionGuid = {4EEC6214-AC11-4C03-82E7-11481E7956A2}
	EndGlobalSection
EndGlobal
